
Microsoft Visual Studio Solution File, Format Version 12.00
# Visual Studio 15
VisualStudioVersion = 15.0.27703.2035
MinimumVisualStudioVersion = 10.0.40219.1
Project("{FAE04EC0-301F-11D3-BF4B-00C04F79EFBC}") = "WindowsFormsBoats", "WindowsFormsBoats\WindowsFormsBoats.csproj", "{B8D99B7F-57D4-4A53-95A7-874AB0FB7490}"
EndProject
Global
	GlobalSection(SolutionConfigurationPlatforms) = preSolution
		Debug|Any CPU = Debug|Any CPU
		Release|Any CPU = Release|Any CPU
	EndGlobalSection
	GlobalSection(ProjectConfigurationPlatforms) = postSolution
		{B8D99B7F-57D4-4A53-95A7-874AB0FB7490}.Debug|Any CPU.ActiveCfg = Debug|Any CPU
		{B8D99B7F-57D4-4A53-95A7-874AB0FB7490}.Debug|Any CPU.Build.0 = Debug|Any CPU
		{B8D99B7F-57D4-4A53-95A7-874AB0FB7490}.Release|Any CPU.ActiveCfg = Release|Any CPU
		{B8D99B7F-57D4-4A53-95A7-874AB0FB7490}.Release|Any CPU.Build.0 = Release|Any CPU
	EndGlobalSection
	GlobalSection(SolutionProperties) = preSolution
		HideSolutionNode = FALSE
	EndGlobalSection
	GlobalSection(ExtensibilityGlobals) = postSolution
		SolutionGuid = {6C20F7EB-9A60-4443-9857-9780624BF360}
	EndGlobalSection
EndGlobal
