
Microsoft Visual Studio Solution File, Format Version 12.00
# Visual Studio 15
VisualStudioVersion = 15.0.28010.2016
MinimumVisualStudioVersion = 10.0.40219.1
Project("{FAE04EC0-301F-11D3-BF4B-00C04F79EFBC}") = "WindowsFormsCatamaran", "WindowsFormsCatamaran\WindowsFormsCatamaran.csproj", "{BE951BF7-1FEE-4592-B240-36E5B78CE688}"
EndProject
Global
	GlobalSection(SolutionConfigurationPlatforms) = preSolution
		Debug|Any CPU = Debug|Any CPU
		Release|Any CPU = Release|Any CPU
	EndGlobalSection
	GlobalSection(ProjectConfigurationPlatforms) = postSolution
		{BE951BF7-1FEE-4592-B240-36E5B78CE688}.Debug|Any CPU.ActiveCfg = Debug|Any CPU
		{BE951BF7-1FEE-4592-B240-36E5B78CE688}.Debug|Any CPU.Build.0 = Debug|Any CPU
		{BE951BF7-1FEE-4592-B240-36E5B78CE688}.Release|Any CPU.ActiveCfg = Release|Any CPU
		{BE951BF7-1FEE-4592-B240-36E5B78CE688}.Release|Any CPU.Build.0 = Release|Any CPU
	EndGlobalSection
	GlobalSection(SolutionProperties) = preSolution
		HideSolutionNode = FALSE
	EndGlobalSection
	GlobalSection(ExtensibilityGlobals) = postSolution
		SolutionGuid = {8116CE83-B59C-460F-AE0E-A56ED6602EB4}
	EndGlobalSection
EndGlobal
